
Microsoft Visual Studio Solution File, Format Version 12.00
# Visual Studio 14
VisualStudioVersion = 14.0.25420.1
MinimumVisualStudioVersion = 10.0.40219.1
Project("{FAE04EC0-301F-11D3-BF4B-00C04F79EFBC}") = "MachineTool", "MachineTool\MachineTool.csproj", "{C6742133-CF9A-4AB9-ADBB-A95C636CAABA}"
	ProjectSection(ProjectDependencies) = postProject
		{3B9AFF25-E708-40B8-A169-98AB8627A34F} = {3B9AFF25-E708-40B8-A169-98AB8627A34F}
	EndProjectSection
EndProject
Project("{FAE04EC0-301F-11D3-BF4B-00C04F79EFBC}") = "WcfService", "WcfService\WcfService.csproj", "{3B9AFF25-E708-40B8-A169-98AB8627A34F}"
EndProject
Global
	GlobalSection(SolutionConfigurationPlatforms) = preSolution
		Debug|Any CPU = Debug|Any CPU
		Release|Any CPU = Release|Any CPU
	EndGlobalSection
	GlobalSection(ProjectConfigurationPlatforms) = postSolution
		{C6742133-CF9A-4AB9-ADBB-A95C636CAABA}.Debug|Any CPU.ActiveCfg = Debug|Any CPU
		{C6742133-CF9A-4AB9-ADBB-A95C636CAABA}.Debug|Any CPU.Build.0 = Debug|Any CPU
		{C6742133-CF9A-4AB9-ADBB-A95C636CAABA}.Release|Any CPU.ActiveCfg = Release|Any CPU
		{C6742133-CF9A-4AB9-ADBB-A95C636CAABA}.Release|Any CPU.Build.0 = Release|Any CPU
		{3B9AFF25-E708-40B8-A169-98AB8627A34F}.Debug|Any CPU.ActiveCfg = Debug|Any CPU
		{3B9AFF25-E708-40B8-A169-98AB8627A34F}.Debug|Any CPU.Build.0 = Debug|Any CPU
		{3B9AFF25-E708-40B8-A169-98AB8627A34F}.Release|Any CPU.ActiveCfg = Release|Any CPU
		{3B9AFF25-E708-40B8-A169-98AB8627A34F}.Release|Any CPU.Build.0 = Release|Any CPU
	EndGlobalSection
	GlobalSection(SolutionProperties) = preSolution
		HideSolutionNode = FALSE
	EndGlobalSection
EndGlobal
